# @generated by Move, please check-in and do not edit manually.

[move]
version = 3
manifest_digest = "7458D9D9088C2269FB1348529EF2674602C91CAFA66C17697FB977A3AE3191DB"
deps_digest = "060AD7E57DFB13104F21BE5F5C3759D03F0553FC3229247D9A7A6B45F50D03A3"
dependencies = [
  { id = "AccountExtensions", name = "AccountExtensions" },
  { id = "AccountProtocol", name = "AccountProtocol" },
  { id = "Sui", name = "Sui" },
]

[[move.package]]
id = "AccountExtensions"
source = { local = "../../../move-framework/packages/extensions" }

dependencies = [
  { id = "Sui", name = "Sui" },
]

[[move.package]]
id = "AccountProtocol"
source = { local = "../../../move-framework/packages/protocol" }

dependencies = [
  { id = "AccountExtensions", name = "AccountExtensions" },
  { id = "Sui", name = "Sui" },
]

[[move.package]]
id = "MoveStdlib"
source = { git = "https://github.com/MystenLabs/sui.git", rev = "testnet", subdir = "crates/sui-framework/packages/move-stdlib" }

[[move.package]]
id = "Sui"
source = { git = "https://github.com/MystenLabs/sui.git", rev = "testnet", subdir = "crates/sui-framework/packages/sui-framework" }

dependencies = [
  { id = "MoveStdlib", name = "MoveStdlib" },
]

[env]

[env.testnet]
chain-id = "4c78adac"
original-published-id = "0x45473e7747b0f740c3cdf51cc255f3dc5ff9a628da6899860865b7ff82afcc1a"
latest-published-id = "0x45473e7747b0f740c3cdf51cc255f3dc5ff9a628da6899860865b7ff82afcc1a"
published-version = "1"
