# @generated by Move, please check-in and do not edit manually.

[move]
version = 3
manifest_digest = "CD74D8732E3E71C152D63A60125CA888EBF98ED7269F3F77EE830B9623BF6855"
deps_digest = "3C4103934B1E040BB6B23F1D610B4EF9F2F1166A50A104EADCF77467C004C600"
dependencies = [
  { id = "AccountProtocol", name = "AccountProtocol" },
  { id = "Sui", name = "Sui" },
]

[[move.package]]
id = "AccountExtensions"
source = { git = "https://github.com/account-tech/move-framework.git", rev = "main", subdir = "packages/extensions" }

dependencies = [
  { id = "Sui", name = "Sui" },
]

[[move.package]]
id = "AccountProtocol"
source = { git = "https://github.com/account-tech/move-framework.git", rev = "main", subdir = "packages/protocol" }

dependencies = [
  { id = "AccountExtensions", name = "AccountExtensions" },
  { id = "Sui", name = "Sui" },
]

[[move.package]]
id = "MoveStdlib"
source = { git = "https://github.com/MystenLabs/sui.git", rev = "testnet", subdir = "crates/sui-framework/packages/move-stdlib" }

[[move.package]]
id = "Sui"
source = { git = "https://github.com/MystenLabs/sui.git", rev = "testnet", subdir = "crates/sui-framework/packages/sui-framework" }

dependencies = [
  { id = "MoveStdlib", name = "MoveStdlib" },
]

[move.toolchain-version]
compiler-version = "1.47.0"
edition = "2024.beta"
flavor = "sui"

[env]

[env.testnet]
chain-id = "4c78adac"
original-published-id = "0x9a56d76d6fa3a1669e2c8b3b6f49eea43608d9ecbf49eaa22ebaa81e01a7d1d9"
latest-published-id = "0x9a56d76d6fa3a1669e2c8b3b6f49eea43608d9ecbf49eaa22ebaa81e01a7d1d9"
published-version = "1"
