# @generated by Move, please check-in and do not edit manually.

[move]
version = 3
manifest_digest = "D064BE47B5ABD93B24413E7EA0F35C59FC9837C4868469E2D62FDA78C8774856"
deps_digest = "060AD7E57DFB13104F21BE5F5C3759D03F0553FC3229247D9A7A6B45F50D03A3"
dependencies = [
  { id = "AccountActions", name = "AccountActions" },
  { id = "AccountProtocol", name = "AccountProtocol" },
  { id = "Sui", name = "Sui" },
]

[[move.package]]
id = "AccountActions"
source = { git = "https://github.com/mcxross/account.tech.git", rev = "main", subdir = "packages/actions" }

dependencies = [
  { id = "AccountConfig", name = "AccountConfig" },
  { id = "AccountExtensions", name = "AccountExtensions" },
  { id = "AccountProtocol", name = "AccountProtocol" },
  { id = "Kiosk", name = "Kiosk" },
  { id = "Sui", name = "Sui" },
]

[[move.package]]
id = "AccountConfig"
source = { git = "https://github.com/mcxross/account.tech.git", rev = "main", subdir = "packages/config" }

dependencies = [
  { id = "AccountExtensions", name = "AccountExtensions" },
  { id = "AccountProtocol", name = "AccountProtocol" },
  { id = "Sui", name = "Sui" },
]

[[move.package]]
id = "AccountExtensions"
source = { git = "https://github.com/mcxross/account.tech.git", rev = "main", subdir = "packages/extensions" }

dependencies = [
  { id = "Sui", name = "Sui" },
]

[[move.package]]
id = "AccountProtocol"
source = { git = "https://github.com/mcxross/account.tech.git", rev = "main", subdir = "packages/protocol" }

dependencies = [
  { id = "AccountExtensions", name = "AccountExtensions" },
  { id = "Sui", name = "Sui" },
]

[[move.package]]
id = "Kiosk"
source = { git = "https://github.com/mcxross/apps.git", rev = "testnet", subdir = "kiosk" }

dependencies = [
  { id = "Sui", name = "Sui" },
]

[[move.package]]
id = "MoveStdlib"
source = { git = "https://github.com/MystenLabs/sui.git", rev = "framework/mainnet", subdir = "crates/sui-framework/packages/move-stdlib" }

[[move.package]]
id = "Sui"
source = { git = "https://github.com/MystenLabs/sui.git", rev = "framework/mainnet", subdir = "crates/sui-framework/packages/sui-framework" }

dependencies = [
  { id = "MoveStdlib", name = "MoveStdlib" },
]

[move.toolchain-version]
compiler-version = "1.42.2"
edition = "2024.beta"
flavor = "sui"

[env]

[env.localnet]
chain-id = "f11146a3"
original-published-id = "0x6ceb3969fa95e36ffbe429cd708dc61ca07d5711a90c06c29a640c0241d631f2"
latest-published-id = "0x6ceb3969fa95e36ffbe429cd708dc61ca07d5711a90c06c29a640c0241d631f2"
published-version = "1"
