# @generated by Move, please check-in and do not edit manually.

[move]
version = 3
manifest_digest = "E02B17F982BEE62B5D0052B65D2F00C36C2FAB0C2CEF92B2630B8A703E355AA6"
deps_digest = "060AD7E57DFB13104F21BE5F5C3759D03F0553FC3229247D9A7A6B45F50D03A3"
dependencies = [
  { id = "AccountExtensions", name = "AccountExtensions" },
  { id = "AccountProtocol", name = "AccountProtocol" },
  { id = "Sui", name = "Sui" },
]

[[move.package]]
id = "AccountExtensions"
source = { local = "../../../move-framework/packages/extensions" }

dependencies = [
  { id = "Sui", name = "Sui" },
]

[[move.package]]
id = "AccountProtocol"
source = { local = "../../../move-framework/packages/protocol" }

dependencies = [
  { id = "AccountExtensions", name = "AccountExtensions" },
  { id = "Sui", name = "Sui" },
]

[[move.package]]
id = "MoveStdlib"
source = { git = "https://github.com/MystenLabs/sui.git", rev = "testnet", subdir = "crates/sui-framework/packages/move-stdlib" }

[[move.package]]
id = "Sui"
source = { git = "https://github.com/MystenLabs/sui.git", rev = "testnet", subdir = "crates/sui-framework/packages/sui-framework" }

dependencies = [
  { id = "MoveStdlib", name = "MoveStdlib" },
]

[env]

[env.testnet]
chain-id = "4c78adac"
original-published-id = "0x7a5e095a37f29c55834bfd56508e570e3199ccf2ec0b760680cdf35f5653f8b7"
latest-published-id = "0x7a5e095a37f29c55834bfd56508e570e3199ccf2ec0b760680cdf35f5653f8b7"
published-version = "1"
