# @generated by Move, please check-in and do not edit manually.

[move]
version = 3
manifest_digest = "DCBDF36B1DD96498AC7618FE4613196B27709E8B5D4C5FC3A912B02576A45631"
deps_digest = "060AD7E57DFB13104F21BE5F5C3759D03F0553FC3229247D9A7A6B45F50D03A3"
dependencies = [
  { id = "AccountExtensions", name = "AccountExtensions" },
  { id = "AccountProtocol", name = "AccountProtocol" },
  { id = "Sui", name = "Sui" },
]

[[move.package]]
id = "AccountExtensions"
source = { git = "https://github.com/account-tech/move-framework.git", rev = "main", subdir = "packages/extensions" }

dependencies = [
  { id = "Sui", name = "Sui" },
]

[[move.package]]
id = "AccountProtocol"
source = { git = "https://github.com/account-tech/move-framework.git", rev = "main", subdir = "packages/protocol" }

dependencies = [
  { id = "AccountExtensions", name = "AccountExtensions" },
  { id = "Sui", name = "Sui" },
]

[[move.package]]
id = "MoveStdlib"
source = { git = "https://github.com/MystenLabs/sui.git", rev = "testnet", subdir = "crates/sui-framework/packages/move-stdlib" }

[[move.package]]
id = "Sui"
source = { git = "https://github.com/MystenLabs/sui.git", rev = "testnet", subdir = "crates/sui-framework/packages/sui-framework" }

dependencies = [
  { id = "MoveStdlib", name = "MoveStdlib" },
]

[move.toolchain-version]
compiler-version = "1.46.2"
edition = "2024.beta"
flavor = "sui"

[env]

[env.testnet]
chain-id = "4c78adac"
original-published-id = "0x441919d12ddcce18f31e0d71ee9eda78ae2b89bfc722b0c9b9cc11fed78b497e"
latest-published-id = "0x441919d12ddcce18f31e0d71ee9eda78ae2b89bfc722b0c9b9cc11fed78b497e"
published-version = "1"
